
Microsoft Visual Studio Solution File, Format Version 12.00
# Visual Studio Version 17
VisualStudioVersion = 17.5.33424.131
MinimumVisualStudioVersion = 10.0.40219.1
Project("{D954291E-2A0B-460D-934E-DC6B0785DB48}") = "Dapper.Transaction.Shared", "Dapper.Transaction.Shared\Dapper.Transaction.Shared.shproj", "{F448FAEA-4A1D-4432-8343-99C346856DAB}"
EndProject
Project("{9A19103F-16F7-4668-BE54-9A1E7A4F7556}") = "Dapper.Transaction.Net7", "Dapper.Transaction.Net5\Dapper.Transaction.Net7.csproj", "{4D305E84-73B4-4548-94FA-0BA73511C777}"
EndProject
Project("{9A19103F-16F7-4668-BE54-9A1E7A4F7556}") = "Dapper.Transaction.StrongName.Net7", "Dapper.Transaction.StrongName.Net5\Dapper.Transaction.StrongName.Net7.csproj", "{3D45C667-F5B5-4B53-B23D-EEED70889FBE}"
EndProject
Project("{9A19103F-16F7-4668-BE54-9A1E7A4F7556}") = "Dapper", "..\Dapper\Dapper\Dapper.csproj", "{E54DEB78-97E7-450D-8BA3-828079CA8FA8}"
EndProject
Project("{9A19103F-16F7-4668-BE54-9A1E7A4F7556}") = "Dapper.StrongName", "..\Dapper\Dapper.StrongName\Dapper.StrongName.csproj", "{D8470539-DB56-4EB0-94F7-975A75EC7280}"
EndProject
Global
	GlobalSection(SolutionConfigurationPlatforms) = preSolution
		Debug|Any CPU = Debug|Any CPU
		Release|Any CPU = Release|Any CPU
	EndGlobalSection
	GlobalSection(ProjectConfigurationPlatforms) = postSolution
		{4D305E84-73B4-4548-94FA-0BA73511C777}.Debug|Any CPU.ActiveCfg = Debug|Any CPU
		{4D305E84-73B4-4548-94FA-0BA73511C777}.Debug|Any CPU.Build.0 = Debug|Any CPU
		{4D305E84-73B4-4548-94FA-0BA73511C777}.Release|Any CPU.ActiveCfg = Release|Any CPU
		{4D305E84-73B4-4548-94FA-0BA73511C777}.Release|Any CPU.Build.0 = Release|Any CPU
		{3D45C667-F5B5-4B53-B23D-EEED70889FBE}.Debug|Any CPU.ActiveCfg = Debug|Any CPU
		{3D45C667-F5B5-4B53-B23D-EEED70889FBE}.Debug|Any CPU.Build.0 = Debug|Any CPU
		{3D45C667-F5B5-4B53-B23D-EEED70889FBE}.Release|Any CPU.ActiveCfg = Release|Any CPU
		{3D45C667-F5B5-4B53-B23D-EEED70889FBE}.Release|Any CPU.Build.0 = Release|Any CPU
		{E54DEB78-97E7-450D-8BA3-828079CA8FA8}.Debug|Any CPU.ActiveCfg = Debug|Any CPU
		{E54DEB78-97E7-450D-8BA3-828079CA8FA8}.Debug|Any CPU.Build.0 = Debug|Any CPU
		{E54DEB78-97E7-450D-8BA3-828079CA8FA8}.Release|Any CPU.ActiveCfg = Release|Any CPU
		{E54DEB78-97E7-450D-8BA3-828079CA8FA8}.Release|Any CPU.Build.0 = Release|Any CPU
		{D8470539-DB56-4EB0-94F7-975A75EC7280}.Debug|Any CPU.ActiveCfg = Debug|Any CPU
		{D8470539-DB56-4EB0-94F7-975A75EC7280}.Debug|Any CPU.Build.0 = Debug|Any CPU
		{D8470539-DB56-4EB0-94F7-975A75EC7280}.Release|Any CPU.ActiveCfg = Release|Any CPU
		{D8470539-DB56-4EB0-94F7-975A75EC7280}.Release|Any CPU.Build.0 = Release|Any CPU
	EndGlobalSection
	GlobalSection(SolutionProperties) = preSolution
		HideSolutionNode = FALSE
	EndGlobalSection
	GlobalSection(ExtensibilityGlobals) = postSolution
		SolutionGuid = {402C2F40-86A2-4001-A977-81B6E001A528}
	EndGlobalSection
	GlobalSection(SharedMSBuildProjectFiles) = preSolution
		Dapper.Transaction.Shared\Dapper.Transaction.Shared.projitems*{3d45c667-f5b5-4b53-b23d-eeed70889fbe}*SharedItemsImports = 5
		Dapper.Transaction.Shared\Dapper.Transaction.Shared.projitems*{4d305e84-73b4-4548-94fa-0ba73511c777}*SharedItemsImports = 5
		Dapper.Transaction.Shared\Dapper.Transaction.Shared.projitems*{f448faea-4a1d-4432-8343-99c346856dab}*SharedItemsImports = 13
	EndGlobalSection
EndGlobal
